
Microsoft Visual Studio Solution File, Format Version 12.00
# Visual Studio Version 16
VisualStudioVersion = 16.0.31424.327
MinimumVisualStudioVersion = 10.0.40219.1
Project("{9A19103F-16F7-4668-BE54-9A1E7A4F7556}") = "IdentityPrueba", "IdentityPrueba.csproj", "{482C7A00-6689-4ABC-B023-5F006A22912B}"
EndProject
Global
	GlobalSection(SolutionConfigurationPlatforms) = preSolution
		Debug|Any CPU = Debug|Any CPU
		Release|Any CPU = Release|Any CPU
	EndGlobalSection
	GlobalSection(ProjectConfigurationPlatforms) = postSolution
		{482C7A00-6689-4ABC-B023-5F006A22912B}.Debug|Any CPU.ActiveCfg = Debug|Any CPU
		{482C7A00-6689-4ABC-B023-5F006A22912B}.Debug|Any CPU.Build.0 = Debug|Any CPU
		{482C7A00-6689-4ABC-B023-5F006A22912B}.Release|Any CPU.ActiveCfg = Release|Any CPU
		{482C7A00-6689-4ABC-B023-5F006A22912B}.Release|Any CPU.Build.0 = Release|Any CPU
	EndGlobalSection
	GlobalSection(SolutionProperties) = preSolution
		HideSolutionNode = FALSE
	EndGlobalSection
	GlobalSection(ExtensibilityGlobals) = postSolution
		SolutionGuid = {B25B38E1-186A-42E4-9E88-06B4B32F67BE}
	EndGlobalSection
EndGlobal
